
Microsoft Visual Studio Solution File, Format Version 12.00
# Visual Studio Version 17
VisualStudioVersion = 17.14.36429.23
MinimumVisualStudioVersion = 10.0.40219.1
Project("{FAE04EC0-301F-11D3-BF4B-00C04F79EFBC}") = "LoadBalancer.Endpoints", "LoadBalancer.Endpoints\LoadBalancer.Endpoints.csproj", "{AB22A8D4-7649-45B8-92EE-11B8FEC61021}"
EndProject
Project("{FAE04EC0-301F-11D3-BF4B-00C04F79EFBC}") = "LoadBalancer", "LoadBalancer\LoadBalancer.csproj", "{5B06AD68-1EC9-422E-A511-BBD362E50E17}"
EndProject
Project("{FAE04EC0-301F-11D3-BF4B-00C04F79EFBC}") = "LoadBalance.TestConsole", "LoadBalance.TestConsole\LoadBalance.TestConsole.csproj", "{39FD28A5-F445-4CA5-A81A-B992143C4D2C}"
EndProject
Project("{FAE04EC0-301F-11D3-BF4B-00C04F79EFBC}") = "ConsoleApp1", "ConsoleApp1\ConsoleApp1.csproj", "{0518CA14-83DE-4704-B300-18DB907B0E56}"
EndProject
Global
	GlobalSection(SolutionConfigurationPlatforms) = preSolution
		Debug|Any CPU = Debug|Any CPU
		Release|Any CPU = Release|Any CPU
	EndGlobalSection
	GlobalSection(ProjectConfigurationPlatforms) = postSolution
		{AB22A8D4-7649-45B8-92EE-11B8FEC61021}.Debug|Any CPU.ActiveCfg = Debug|Any CPU
		{AB22A8D4-7649-45B8-92EE-11B8FEC61021}.Debug|Any CPU.Build.0 = Debug|Any CPU
		{AB22A8D4-7649-45B8-92EE-11B8FEC61021}.Release|Any CPU.ActiveCfg = Release|Any CPU
		{AB22A8D4-7649-45B8-92EE-11B8FEC61021}.Release|Any CPU.Build.0 = Release|Any CPU
		{5B06AD68-1EC9-422E-A511-BBD362E50E17}.Debug|Any CPU.ActiveCfg = Debug|Any CPU
		{5B06AD68-1EC9-422E-A511-BBD362E50E17}.Debug|Any CPU.Build.0 = Debug|Any CPU
		{5B06AD68-1EC9-422E-A511-BBD362E50E17}.Release|Any CPU.ActiveCfg = Release|Any CPU
		{5B06AD68-1EC9-422E-A511-BBD362E50E17}.Release|Any CPU.Build.0 = Release|Any CPU
		{39FD28A5-F445-4CA5-A81A-B992143C4D2C}.Debug|Any CPU.ActiveCfg = Debug|Any CPU
		{39FD28A5-F445-4CA5-A81A-B992143C4D2C}.Debug|Any CPU.Build.0 = Debug|Any CPU
		{39FD28A5-F445-4CA5-A81A-B992143C4D2C}.Release|Any CPU.ActiveCfg = Release|Any CPU
		{39FD28A5-F445-4CA5-A81A-B992143C4D2C}.Release|Any CPU.Build.0 = Release|Any CPU
		{0518CA14-83DE-4704-B300-18DB907B0E56}.Debug|Any CPU.ActiveCfg = Debug|Any CPU
		{0518CA14-83DE-4704-B300-18DB907B0E56}.Debug|Any CPU.Build.0 = Debug|Any CPU
		{0518CA14-83DE-4704-B300-18DB907B0E56}.Release|Any CPU.ActiveCfg = Release|Any CPU
		{0518CA14-83DE-4704-B300-18DB907B0E56}.Release|Any CPU.Build.0 = Release|Any CPU
	EndGlobalSection
	GlobalSection(SolutionProperties) = preSolution
		HideSolutionNode = FALSE
	EndGlobalSection
	GlobalSection(ExtensibilityGlobals) = postSolution
		SolutionGuid = {1BC06551-0C1D-4894-9714-8F940DE86FF9}
	EndGlobalSection
EndGlobal
